
Microsoft Visual Studio Solution File, Format Version 12.00
# Visual Studio Version 17
VisualStudioVersion = 17.13.35818.85 d17.13
MinimumVisualStudioVersion = 10.0.40219.1
Project("{FAE04EC0-301F-11D3-BF4B-00C04F79EFBC}") = "Lesson 31", "Lesson 31\Lesson 31.csproj", "{6F2AE498-9CD2-4724-81B0-AC4AABCC1ADB}"
EndProject
Global
	GlobalSection(SolutionConfigurationPlatforms) = preSolution
		Debug|Any CPU = Debug|Any CPU
		Release|Any CPU = Release|Any CPU
	EndGlobalSection
	GlobalSection(ProjectConfigurationPlatforms) = postSolution
		{6F2AE498-9CD2-4724-81B0-AC4AABCC1ADB}.Debug|Any CPU.ActiveCfg = Debug|Any CPU
		{6F2AE498-9CD2-4724-81B0-AC4AABCC1ADB}.Debug|Any CPU.Build.0 = Debug|Any CPU
		{6F2AE498-9CD2-4724-81B0-AC4AABCC1ADB}.Release|Any CPU.ActiveCfg = Release|Any CPU
		{6F2AE498-9CD2-4724-81B0-AC4AABCC1ADB}.Release|Any CPU.Build.0 = Release|Any CPU
	EndGlobalSection
	GlobalSection(SolutionProperties) = preSolution
		HideSolutionNode = FALSE
	EndGlobalSection
	GlobalSection(ExtensibilityGlobals) = postSolution
		SolutionGuid = {6F3025CC-3905-4BF8-A1F6-0B41142318DB}
	EndGlobalSection
EndGlobal
